// !$*UTF8*$!
{
	archiveVersion = 1;
	classes = {
	};
	objectVersion = 56;
	objects = {

/* Begin PBXBuildFile section */
		E0F59FD72B8BBFD400D2AA8D /* setGameApp.swift in Sources */ = {isa = PBXBuildFile; fileRef = E0F59FD62B8BBFD400D2AA8D /* setGameApp.swift */; };
		E0F59FD92B8BBFD400D2AA8D /* ContentView.swift in Sources */ = {isa = PBXBuildFile; fileRef = E0F59FD82B8BBFD400D2AA8D /* ContentView.swift */; };
		E0F59FDB2B8BBFD500D2AA8D /* Assets.xcassets in Resources */ = {isa = PBXBuildFile; fileRef = E0F59FDA2B8BBFD500D2AA8D /* Assets.xcassets */; };
		E0F59FDF2B8BBFD500D2AA8D /* Preview Assets.xcassets in Resources */ = {isa = PBXBuildFile; fileRef = E0F59FDE2B8BBFD500D2AA8D /* Preview Assets.xcassets */; };
		E0F59FE92B8BBFD500D2AA8D /* setGameTests.swift in Sources */ = {isa = PBXBuildFile; fileRef = E0F59FE82B8BBFD500D2AA8D /* setGameTests.swift */; };
		E0F59FF32B8BBFD500D2AA8D /* setGameUITests.swift in Sources */ = {isa = PBXBuildFile; fileRef = E0F59FF22B8BBFD500D2AA8D /* setGameUITests.swift */; };
		E0F59FF52B8BBFD500D2AA8D /* setGameUITestsLaunchTests.swift in Sources */ = {isa = PBXBuildFile; fileRef = E0F59FF42B8BBFD500D2AA8D /* setGameUITestsLaunchTests.swift */; };
		E0F5A0052B8BC08300D2AA8D /* SetGame.swift in Sources */ = {isa = PBXBuildFile; fileRef = E0F5A0042B8BC08300D2AA8D /* SetGame.swift */; };
/* End PBXBuildFile section */

/* Begin PBXContainerItemProxy section */
		E0F59FE52B8BBFD500D2AA8D /* PBXContainerItemProxy */ = {
			isa = PBXContainerItemProxy;
			containerPortal = E0F59FCB2B8BBFD400D2AA8D /* Project object */;
			proxyType = 1;
			remoteGlobalIDString = E0F59FD22B8BBFD400D2AA8D;
			remoteInfo = setGame;
		};
		E0F59FEF2B8BBFD500D2AA8D /* PBXContainerItemProxy */ = {
			isa = PBXContainerItemProxy;
			containerPortal = E0F59FCB2B8BBFD400D2AA8D /* Project object */;
			proxyType = 1;
			remoteGlobalIDString = E0F59FD22B8BBFD400D2AA8D;
			remoteInfo = setGame;
		};
/* End PBXContainerItemProxy section */

/* Begin PBXFileReference section */
		E0F59FD32B8BBFD400D2AA8D /* setGame.app */ = {isa = PBXFileReference; explicitFileType = wrapper.application; includeInIndex = 0; path = setGame.app; sourceTree = BUILT_PRODUCTS_DIR; };
		E0F59FD62B8BBFD400D2AA8D /* setGameApp.swift */ = {isa = PBXFileReference; lastKnownFileType = sourcecode.swift; path = setGameApp.swift; sourceTree = "<group>"; };
		E0F59FD82B8BBFD400D2AA8D /* ContentView.swift */ = {isa = PBXFileReference; lastKnownFileType = sourcecode.swift; path = ContentView.swift; sourceTree = "<group>"; };
		E0F59FDA2B8BBFD500D2AA8D /* Assets.xcassets */ = {isa = PBXFileReference; lastKnownFileType = folder.assetcatalog; path = Assets.xcassets; sourceTree = "<group>"; };
		E0F59FDC2B8BBFD500D2AA8D /* setGame.entitlements */ = {isa = PBXFileReference; lastKnownFileType = text.plist.entitlements; path = setGame.entitlements; sourceTree = "<group>"; };
		E0F59FDE2B8BBFD500D2AA8D /* Preview Assets.xcassets */ = {isa = PBXFileReference; lastKnownFileType = folder.assetcatalog; path = "Preview Assets.xcassets"; sourceTree = "<group>"; };
		E0F59FE42B8BBFD500D2AA8D /* setGameTests.xctest */ = {isa = PBXFileReference; explicitFileType = wrapper.cfbundle; includeInIndex = 0; path = setGameTests.xctest; sourceTree = BUILT_PRODUCTS_DIR; };
		E0F59FE82B8BBFD500D2AA8D /* setGameTests.swift */ = {isa = PBXFileReference; lastKnownFileType = sourcecode.swift; path = setGameTests.swift; sourceTree = "<group>"; };
		E0F59FEE2B8BBFD500D2AA8D /* setGameUITests.xctest */ = {isa = PBXFileReference; explicitFileType = wrapper.cfbundle; includeInIndex = 0; path = setGameUITests.xctest; sourceTree = BUILT_PRODUCTS_DIR; };
		E0F59FF22B8BBFD500D2AA8D /* setGameUITests.swift */ = {isa = PBXFileReference; lastKnownFileType = sourcecode.swift; path = setGameUITests.swift; sourceTree = "<group>"; };
		E0F59FF42B8BBFD500D2AA8D /* setGameUITestsLaunchTests.swift */ = {isa = PBXFileReference; lastKnownFileType = sourcecode.swift; path = setGameUITestsLaunchTests.swift; sourceTree = "<group>"; };
		E0F5A0042B8BC08300D2AA8D /* SetGame.swift */ = {isa = PBXFileReference; lastKnownFileType = sourcecode.swift; path = SetGame.swift; sourceTree = "<group>"; };
/* End PBXFileReference section */

/* Begin PBXFrameworksBuildPhase section */
		E0F59FD02B8BBFD400D2AA8D /* Frameworks */ = {
			isa = PBXFrameworksBuildPhase;
			buildActionMask = 2147483647;
			files = (
			);
			runOnlyForDeploymentPostprocessing = 0;
		};
		E0F59FE12B8BBFD500D2AA8D /* Frameworks */ = {
			isa = PBXFrameworksBuildPhase;
			buildActionMask = 2147483647;
			files = (
			);
			runOnlyForDeploymentPostprocessing = 0;
		};
		E0F59FEB2B8BBFD500D2AA8D /* Frameworks */ = {
			isa = PBXFrameworksBuildPhase;
			buildActionMask = 2147483647;
			files = (
			);
			runOnlyForDeploymentPostprocessing = 0;
		};
/* End PBXFrameworksBuildPhase section */

/* Begin PBXGroup section */
		E0F59FCA2B8BBFD400D2AA8D = {
			isa = PBXGroup;
			children = (
				E0F59FD52B8BBFD400D2AA8D /* setGame */,
				E0F59FE72B8BBFD500D2AA8D /* setGameTests */,
				E0F59FF12B8BBFD500D2AA8D /* setGameUITests */,
				E0F59FD42B8BBFD400D2AA8D /* Products */,
			);
			sourceTree = "<group>";
		};
		E0F59FD42B8BBFD400D2AA8D /* Products */ = {
			isa = PBXGroup;
			children = (
				E0F59FD32B8BBFD400D2AA8D /* setGame.app */,
				E0F59FE42B8BBFD500D2AA8D /* setGameTests.xctest */,
				E0F59FEE2B8BBFD500D2AA8D /* setGameUITests.xctest */,
			);
			name = Products;
			sourceTree = "<group>";
		};
		E0F59FD52B8BBFD400D2AA8D /* setGame */ = {
			isa = PBXGroup;
			children = (
				E0F5A0032B8BC00F00D2AA8D /* View */,
				E0F5A0022B8BC00100D2AA8D /* ViewModel */,
				E0F5A0012B8BBFF900D2AA8D /* Model */,
				E0F59FD62B8BBFD400D2AA8D /* setGameApp.swift */,
				E0F59FD82B8BBFD400D2AA8D /* ContentView.swift */,
				E0F59FDA2B8BBFD500D2AA8D /* Assets.xcassets */,
				E0F59FDC2B8BBFD500D2AA8D /* setGame.entitlements */,
				E0F59FDD2B8BBFD500D2AA8D /* Preview Content */,
			);
			path = setGame;
			sourceTree = "<group>";
		};
		E0F59FDD2B8BBFD500D2AA8D /* Preview Content */ = {
			isa = PBXGroup;
			children = (
				E0F59FDE2B8BBFD500D2AA8D /* Preview Assets.xcassets */,
			);
			path = "Preview Content";
			sourceTree = "<group>";
		};
		E0F59FE72B8BBFD500D2AA8D /* setGameTests */ = {
			isa = PBXGroup;
			children = (
				E0F59FE82B8BBFD500D2AA8D /* setGameTests.swift */,
			);
			path = setGameTests;
			sourceTree = "<group>";
		};
		E0F59FF12B8BBFD500D2AA8D /* setGameUITests */ = {
			isa = PBXGroup;
			children = (
				E0F59FF22B8BBFD500D2AA8D /* setGameUITests.swift */,
				E0F59FF42B8BBFD500D2AA8D /* setGameUITestsLaunchTests.swift */,
			);
			path = setGameUITests;
			sourceTree = "<group>";
		};
		E0F5A0012B8BBFF900D2AA8D /* Model */ = {
			isa = PBXGroup;
			children = (
				E0F5A0042B8BC08300D2AA8D /* SetGame.swift */,
			);
			path = Model;
			sourceTree = "<group>";
		};
		E0F5A0022B8BC00100D2AA8D /* ViewModel */ = {
			isa = PBXGroup;
			children = (
			);
			path = ViewModel;
			sourceTree = "<group>";
		};
		E0F5A0032B8BC00F00D2AA8D /* View */ = {
			isa = PBXGroup;
			children = (
			);
			path = View;
			sourceTree = "<group>";
		};
/* End PBXGroup section */

/* Begin PBXNativeTarget section */
		E0F59FD22B8BBFD400D2AA8D /* setGame */ = {
			isa = PBXNativeTarget;
			buildConfigurationList = E0F59FF82B8BBFD500D2AA8D /* Build configuration list for PBXNativeTarget "setGame" */;
			buildPhases = (
				E0F59FCF2B8BBFD400D2AA8D /* Sources */,
				E0F59FD02B8BBFD400D2AA8D /* Frameworks */,
				E0F59FD12B8BBFD400D2AA8D /* Resources */,
			);
			buildRules = (
			);
			dependencies = (
			);
			name = setGame;
			productName = setGame;
			productReference = E0F59FD32B8BBFD400D2AA8D /* setGame.app */;
			productType = "com.apple.product-type.application";
		};
		E0F59FE32B8BBFD500D2AA8D /* setGameTests */ = {
			isa = PBXNativeTarget;
			buildConfigurationList = E0F59FFB2B8BBFD500D2AA8D /* Build configuration list for PBXNativeTarget "setGameTests" */;
			buildPhases = (
				E0F59FE02B8BBFD500D2AA8D /* Sources */,
				E0F59FE12B8BBFD500D2AA8D /* Frameworks */,
				E0F59FE22B8BBFD500D2AA8D /* Resources */,
			);
			buildRules = (
			);
			dependencies = (
				E0F59FE62B8BBFD500D2AA8D /* PBXTargetDependency */,
			);
			name = setGameTests;
			productName = setGameTests;
			productReference = E0F59FE42B8BBFD500D2AA8D /* setGameTests.xctest */;
			productType = "com.apple.product-type.bundle.unit-test";
		};
		E0F59FED2B8BBFD500D2AA8D /* setGameUITests */ = {
			isa = PBXNativeTarget;
			buildConfigurationList = E0F59FFE2B8BBFD500D2AA8D /* Build configuration list for PBXNativeTarget "setGameUITests" */;
			buildPhases = (
				E0F59FEA2B8BBFD500D2AA8D /* Sources */,
				E0F59FEB2B8BBFD500D2AA8D /* Frameworks */,
				E0F59FEC2B8BBFD500D2AA8D /* Resources */,
			);
			buildRules = (
			);
			dependencies = (
				E0F59FF02B8BBFD500D2AA8D /* PBXTargetDependency */,
			);
			name = setGameUITests;
			productName = setGameUITests;
			productReference = E0F59FEE2B8BBFD500D2AA8D /* setGameUITests.xctest */;
			productType = "com.apple.product-type.bundle.ui-testing";
		};
/* End PBXNativeTarget section */

/* Begin PBXProject section */
		E0F59FCB2B8BBFD400D2AA8D /* Project object */ = {
			isa = PBXProject;
			attributes = {
				BuildIndependentTargetsInParallel = 1;
				LastSwiftUpdateCheck = 1520;
				LastUpgradeCheck = 1520;
				TargetAttributes = {
					E0F59FD22B8BBFD400D2AA8D = {
						CreatedOnToolsVersion = 15.2;
					};
					E0F59FE32B8BBFD500D2AA8D = {
						CreatedOnToolsVersion = 15.2;
						TestTargetID = E0F59FD22B8BBFD400D2AA8D;
					};
					E0F59FED2B8BBFD500D2AA8D = {
						CreatedOnToolsVersion = 15.2;
						TestTargetID = E0F59FD22B8BBFD400D2AA8D;
					};
				};
			};
			buildConfigurationList = E0F59FCE2B8BBFD400D2AA8D /* Build configuration list for PBXProject "setGame" */;
			compatibilityVersion = "Xcode 14.0";
			developmentRegion = en;
			hasScannedForEncodings = 0;
			knownRegions = (
				en,
				Base,
			);
			mainGroup = E0F59FCA2B8BBFD400D2AA8D;
			productRefGroup = E0F59FD42B8BBFD400D2AA8D /* Products */;
			projectDirPath = "";
			projectRoot = "";
			targets = (
				E0F59FD22B8BBFD400D2AA8D /* setGame */,
				E0F59FE32B8BBFD500D2AA8D /* setGameTests */,
				E0F59FED2B8BBFD500D2AA8D /* setGameUITests */,
			);
		};
/* End PBXProject section */

/* Begin PBXResourcesBuildPhase section */
		E0F59FD12B8BBFD400D2AA8D /* Resources */ = {
			isa = PBXResourcesBuildPhase;
			buildActionMask = 2147483647;
			files = (
				E0F59FDF2B8BBFD500D2AA8D /* Preview Assets.xcassets in Resources */,
				E0F59FDB2B8BBFD500D2AA8D /* Assets.xcassets in Resources */,
			);
			runOnlyForDeploymentPostprocessing = 0;
		};
		E0F59FE22B8BBFD500D2AA8D /* Resources */ = {
			isa = PBXResourcesBuildPhase;
			buildActionMask = 2147483647;
			files = (
			);
			runOnlyForDeploymentPostprocessing = 0;
		};
		E0F59FEC2B8BBFD500D2AA8D /* Resources */ = {
			isa = PBXResourcesBuildPhase;
			buildActionMask = 2147483647;
			files = (
			);
			runOnlyForDeploymentPostprocessing = 0;
		};
/* End PBXResourcesBuildPhase section */

/* Begin PBXSourcesBuildPhase section */
		E0F59FCF2B8BBFD400D2AA8D /* Sources */ = {
			isa = PBXSourcesBuildPhase;
			buildActionMask = 2147483647;
			files = (
				E0F59FD92B8BBFD400D2AA8D /* ContentView.swift in Sources */,
				E0F5A0052B8BC08300D2AA8D /* SetGame.swift in Sources */,
				E0F59FD72B8BBFD400D2AA8D /* setGameApp.swift in Sources */,
			);
			runOnlyForDeploymentPostprocessing = 0;
		};
		E0F59FE02B8BBFD500D2AA8D /* Sources */ = {
			isa = PBXSourcesBuildPhase;
			buildActionMask = 2147483647;
			files = (
				E0F59FE92B8BBFD500D2AA8D /* setGameTests.swift in Sources */,
			);
			runOnlyForDeploymentPostprocessing = 0;
		};
		E0F59FEA2B8BBFD500D2AA8D /* Sources */ = {
			isa = PBXSourcesBuildPhase;
			buildActionMask = 2147483647;
			files = (
				E0F59FF32B8BBFD500D2AA8D /* setGameUITests.swift in Sources */,
				E0F59FF52B8BBFD500D2AA8D /* setGameUITestsLaunchTests.swift in Sources */,
			);
			runOnlyForDeploymentPostprocessing = 0;
		};
/* End PBXSourcesBuildPhase section */

/* Begin PBXTargetDependency section */
		E0F59FE62B8BBFD500D2AA8D /* PBXTargetDependency */ = {
			isa = PBXTargetDependency;
			target = E0F59FD22B8BBFD400D2AA8D /* setGame */;
			targetProxy = E0F59FE52B8BBFD500D2AA8D /* PBXContainerItemProxy */;
		};
		E0F59FF02B8BBFD500D2AA8D /* PBXTargetDependency */ = {
			isa = PBXTargetDependency;
			target = E0F59FD22B8BBFD400D2AA8D /* setGame */;
			targetProxy = E0F59FEF2B8BBFD500D2AA8D /* PBXContainerItemProxy */;
		};
/* End PBXTargetDependency section */

/* Begin XCBuildConfiguration section */
		E0F59FF62B8BBFD500D2AA8D /* Debug */ = {
			isa = XCBuildConfiguration;
			buildSettings = {
				ALWAYS_SEARCH_USER_PATHS = NO;
				ASSETCATALOG_COMPILER_GENERATE_SWIFT_ASSET_SYMBOL_EXTENSIONS = YES;
				CLANG_ANALYZER_NONNULL = YES;
				CLANG_ANALYZER_NUMBER_OBJECT_CONVERSION = YES_AGGRESSIVE;
				CLANG_CXX_LANGUAGE_STANDARD = "gnu++20";
				CLANG_ENABLE_MODULES = YES;
				CLANG_ENABLE_OBJC_ARC = YES;
				CLANG_ENABLE_OBJC_WEAK = YES;
				CLANG_WARN_BLOCK_CAPTURE_AUTORELEASING = YES;
				CLANG_WARN_BOOL_CONVERSION = YES;
				CLANG_WARN_COMMA = YES;
				CLANG_WARN_CONSTANT_CONVERSION = YES;
				CLANG_WARN_DEPRECATED_OBJC_IMPLEMENTATIONS = YES;
				CLANG_WARN_DIRECT_OBJC_ISA_USAGE = YES_ERROR;
				CLANG_WARN_DOCUMENTATION_COMMENTS = YES;
				CLANG_WARN_EMPTY_BODY = YES;
				CLANG_WARN_ENUM_CONVERSION = YES;
				CLANG_WARN_INFINITE_RECURSION = YES;
				CLANG_WARN_INT_CONVERSION = YES;
				CLANG_WARN_NON_LITERAL_NULL_CONVERSION = YES;
				CLANG_WARN_OBJC_IMPLICIT_RETAIN_SELF = YES;
				CLANG_WARN_OBJC_LITERAL_CONVERSION = YES;
				CLANG_WARN_OBJC_ROOT_CLASS = YES_ERROR;
				CLANG_WARN_QUOTED_INCLUDE_IN_FRAMEWORK_HEADER = YES;
				CLANG_WARN_RANGE_LOOP_ANALYSIS = YES;
				CLANG_WARN_STRICT_PROTOTYPES = YES;
				CLANG_WARN_SUSPICIOUS_MOVE = YES;
				CLANG_WARN_UNGUARDED_AVAILABILITY = YES_AGGRESSIVE;
				CLANG_WARN_UNREACHABLE_CODE = YES;
				CLANG_WARN__DUPLICATE_METHOD_MATCH = YES;
				COPY_PHASE_STRIP = NO;
				DEBUG_INFORMATION_FORMAT = dwarf;
				ENABLE_STRICT_OBJC_MSGSEND = YES;
				ENABLE_TESTABILITY = YES;
				ENABLE_USER_SCRIPT_SANDBOXING = YES;
				GCC_C_LANGUAGE_STANDARD = gnu17;
				GCC_DYNAMIC_NO_PIC = NO;
				GCC_NO_COMMON_BLOCKS = YES;
				GCC_OPTIMIZATION_LEVEL = 0;
				GCC_PREPROCESSOR_DEFINITIONS = (
					"DEBUG=1",
					"$(inherited)",
				);
				GCC_WARN_64_TO_32_BIT_CONVERSION = YES;
				GCC_WARN_ABOUT_RETURN_TYPE = YES_ERROR;
				GCC_WARN_UNDECLARED_SELECTOR = YES;
				GCC_WARN_UNINITIALIZED_AUTOS = YES_AGGRESSIVE;
				GCC_WARN_UNUSED_FUNCTION = YES;
				GCC_WARN_UNUSED_VARIABLE = YES;
				LOCALIZATION_PREFERS_STRING_CATALOGS = YES;
				MTL_ENABLE_DEBUG_INFO = INCLUDE_SOURCE;
				MTL_FAST_MATH = YES;
				ONLY_ACTIVE_ARCH = YES;
				SWIFT_ACTIVE_COMPILATION_CONDITIONS = "DEBUG $(inherited)";
				SWIFT_OPTIMIZATION_LEVEL = "-Onone";
			};
			name = Debug;
		};
		E0F59FF72B8BBFD500D2AA8D /* Release */ = {
			isa = XCBuildConfiguration;
			buildSettings = {
				ALWAYS_SEARCH_USER_PATHS = NO;
				ASSETCATALOG_COMPILER_GENERATE_SWIFT_ASSET_SYMBOL_EXTENSIONS = YES;
				CLANG_ANALYZER_NONNULL = YES;
				CLANG_ANALYZER_NUMBER_OBJECT_CONVERSION = YES_AGGRESSIVE;
				CLANG_CXX_LANGUAGE_STANDARD = "gnu++20";
				CLANG_ENABLE_MODULES = YES;
				CLANG_ENABLE_OBJC_ARC = YES;
				CLANG_ENABLE_OBJC_WEAK = YES;
				CLANG_WARN_BLOCK_CAPTURE_AUTORELEASING = YES;
				CLANG_WARN_BOOL_CONVERSION = YES;
				CLANG_WARN_COMMA = YES;
				CLANG_WARN_CONSTANT_CONVERSION = YES;
				CLANG_WARN_DEPRECATED_OBJC_IMPLEMENTATIONS = YES;
				CLANG_WARN_DIRECT_OBJC_ISA_USAGE = YES_ERROR;
				CLANG_WARN_DOCUMENTATION_COMMENTS = YES;
				CLANG_WARN_EMPTY_BODY = YES;
				CLANG_WARN_ENUM_CONVERSION = YES;
				CLANG_WARN_INFINITE_RECURSION = YES;
				CLANG_WARN_INT_CONVERSION = YES;
				CLANG_WARN_NON_LITERAL_NULL_CONVERSION = YES;
				CLANG_WARN_OBJC_IMPLICIT_RETAIN_SELF = YES;
				CLANG_WARN_OBJC_LITERAL_CONVERSION = YES;
				CLANG_WARN_OBJC_ROOT_CLASS = YES_ERROR;
				CLANG_WARN_QUOTED_INCLUDE_IN_FRAMEWORK_HEADER = YES;
				CLANG_WARN_RANGE_LOOP_ANALYSIS = YES;
				CLANG_WARN_STRICT_PROTOTYPES = YES;
				CLANG_WARN_SUSPICIOUS_MOVE = YES;
				CLANG_WARN_UNGUARDED_AVAILABILITY = YES_AGGRESSIVE;
				CLANG_WARN_UNREACHABLE_CODE = YES;
				CLANG_WARN__DUPLICATE_METHOD_MATCH = YES;
				COPY_PHASE_STRIP = NO;
				DEBUG_INFORMATION_FORMAT = "dwarf-with-dsym";
				ENABLE_NS_ASSERTIONS = NO;
				ENABLE_STRICT_OBJC_MSGSEND = YES;
				ENABLE_USER_SCRIPT_SANDBOXING = YES;
				GCC_C_LANGUAGE_STANDARD = gnu17;
				GCC_NO_COMMON_BLOCKS = YES;
				GCC_WARN_64_TO_32_BIT_CONVERSION = YES;
				GCC_WARN_ABOUT_RETURN_TYPE = YES_ERROR;
				GCC_WARN_UNDECLARED_SELECTOR = YES;
				GCC_WARN_UNINITIALIZED_AUTOS = YES_AGGRESSIVE;
				GCC_WARN_UNUSED_FUNCTION = YES;
				GCC_WARN_UNUSED_VARIABLE = YES;
				LOCALIZATION_PREFERS_STRING_CATALOGS = YES;
				MTL_ENABLE_DEBUG_INFO = NO;
				MTL_FAST_MATH = YES;
				SWIFT_COMPILATION_MODE = wholemodule;
			};
			name = Release;
		};
		E0F59FF92B8BBFD500D2AA8D /* Debug */ = {
			isa = XCBuildConfiguration;
			buildSettings = {
				ASSETCATALOG_COMPILER_APPICON_NAME = AppIcon;
				ASSETCATALOG_COMPILER_GLOBAL_ACCENT_COLOR_NAME = AccentColor;
				CODE_SIGN_ENTITLEMENTS = setGame/setGame.entitlements;
				CODE_SIGN_STYLE = Automatic;
				CURRENT_PROJECT_VERSION = 1;
				DEVELOPMENT_ASSET_PATHS = "\"setGame/Preview Content\"";
				DEVELOPMENT_TEAM = VW53LBPCN5;
				ENABLE_HARDENED_RUNTIME = YES;
				ENABLE_PREVIEWS = YES;
				GENERATE_INFOPLIST_FILE = YES;
				"INFOPLIST_KEY_UIApplicationSceneManifest_Generation[sdk=iphoneos*]" = YES;
				"INFOPLIST_KEY_UIApplicationSceneManifest_Generation[sdk=iphonesimulator*]" = YES;
				"INFOPLIST_KEY_UIApplicationSupportsIndirectInputEvents[sdk=iphoneos*]" = YES;
				"INFOPLIST_KEY_UIApplicationSupportsIndirectInputEvents[sdk=iphonesimulator*]" = YES;
				"INFOPLIST_KEY_UILaunchScreen_Generation[sdk=iphoneos*]" = YES;
				"INFOPLIST_KEY_UILaunchScreen_Generation[sdk=iphonesimulator*]" = YES;
				"INFOPLIST_KEY_UIStatusBarStyle[sdk=iphoneos*]" = UIStatusBarStyleDefault;
				"INFOPLIST_KEY_UIStatusBarStyle[sdk=iphonesimulator*]" = UIStatusBarStyleDefault;
				INFOPLIST_KEY_UISupportedInterfaceOrientations_iPad = "UIInterfaceOrientationPortrait UIInterfaceOrientationPortraitUpsideDown UIInterfaceOrientationLandscapeLeft UIInterfaceOrientationLandscapeRight";
				INFOPLIST_KEY_UISupportedInterfaceOrientations_iPhone = "UIInterfaceOrientationPortrait UIInterfaceOrientationLandscapeLeft UIInterfaceOrientationLandscapeRight";
				IPHONEOS_DEPLOYMENT_TARGET = 17.2;
				LD_RUNPATH_SEARCH_PATHS = "@executable_path/Frameworks";
				"LD_RUNPATH_SEARCH_PATHS[sdk=macosx*]" = "@executable_path/../Frameworks";
				MACOSX_DEPLOYMENT_TARGET = 14.2;
				MARKETING_VERSION = 1.0;
				PRODUCT_BUNDLE_IDENTIFIER = com.mezrasystems.setGame;
				PRODUCT_NAME = "$(TARGET_NAME)";
				SDKROOT = auto;
				SUPPORTED_PLATFORMS = "iphoneos iphonesimulator macosx";
				SWIFT_EMIT_LOC_STRINGS = YES;
				SWIFT_VERSION = 5.0;
				TARGETED_DEVICE_FAMILY = "1,2";
			};
			name = Debug;
		};
		E0F59FFA2B8BBFD500D2AA8D /* Release */ = {
			isa = XCBuildConfiguration;
			buildSettings = {
				ASSETCATALOG_COMPILER_APPICON_NAME = AppIcon;
				ASSETCATALOG_COMPILER_GLOBAL_ACCENT_COLOR_NAME = AccentColor;
				CODE_SIGN_ENTITLEMENTS = setGame/setGame.entitlements;
				CODE_SIGN_STYLE = Automatic;
				CURRENT_PROJECT_VERSION = 1;
				DEVELOPMENT_ASSET_PATHS = "\"setGame/Preview Content\"";
				DEVELOPMENT_TEAM = VW53LBPCN5;
				ENABLE_HARDENED_RUNTIME = YES;
				ENABLE_PREVIEWS = YES;
				GENERATE_INFOPLIST_FILE = YES;
				"INFOPLIST_KEY_UIApplicationSceneManifest_Generation[sdk=iphoneos*]" = YES;
				"INFOPLIST_KEY_UIApplicationSceneManifest_Generation[sdk=iphonesimulator*]" = YES;
				"INFOPLIST_KEY_UIApplicationSupportsIndirectInputEvents[sdk=iphoneos*]" = YES;
				"INFOPLIST_KEY_UIApplicationSupportsIndirectInputEvents[sdk=iphonesimulator*]" = YES;
				"INFOPLIST_KEY_UILaunchScreen_Generation[sdk=iphoneos*]" = YES;
				"INFOPLIST_KEY_UILaunchScreen_Generation[sdk=iphonesimulator*]" = YES;
				"INFOPLIST_KEY_UIStatusBarStyle[sdk=iphoneos*]" = UIStatusBarStyleDefault;
				"INFOPLIST_KEY_UIStatusBarStyle[sdk=iphonesimulator*]" = UIStatusBarStyleDefault;
				INFOPLIST_KEY_UISupportedInterfaceOrientations_iPad = "UIInterfaceOrientationPortrait UIInterfaceOrientationPortraitUpsideDown UIInterfaceOrientationLandscapeLeft UIInterfaceOrientationLandscapeRight";
				INFOPLIST_KEY_UISupportedInterfaceOrientations_iPhone = "UIInterfaceOrientationPortrait UIInterfaceOrientationLandscapeLeft UIInterfaceOrientationLandscapeRight";
				IPHONEOS_DEPLOYMENT_TARGET = 17.2;
				LD_RUNPATH_SEARCH_PATHS = "@executable_path/Frameworks";
				"LD_RUNPATH_SEARCH_PATHS[sdk=macosx*]" = "@executable_path/../Frameworks";
				MACOSX_DEPLOYMENT_TARGET = 14.2;
				MARKETING_VERSION = 1.0;
				PRODUCT_BUNDLE_IDENTIFIER = com.mezrasystems.setGame;
				PRODUCT_NAME = "$(TARGET_NAME)";
				SDKROOT = auto;
				SUPPORTED_PLATFORMS = "iphoneos iphonesimulator macosx";
				SWIFT_EMIT_LOC_STRINGS = YES;
				SWIFT_VERSION = 5.0;
				TARGETED_DEVICE_FAMILY = "1,2";
			};
			name = Release;
		};
		E0F59FFC2B8BBFD500D2AA8D /* Debug */ = {
			isa = XCBuildConfiguration;
			buildSettings = {
				ALWAYS_EMBED_SWIFT_STANDARD_LIBRARIES = YES;
				BUNDLE_LOADER = "$(TEST_HOST)";
				CODE_SIGN_STYLE = Automatic;
				CURRENT_PROJECT_VERSION = 1;
				DEVELOPMENT_TEAM = VW53LBPCN5;
				GENERATE_INFOPLIST_FILE = YES;
				IPHONEOS_DEPLOYMENT_TARGET = 17.2;
				MACOSX_DEPLOYMENT_TARGET = 14.2;
				MARKETING_VERSION = 1.0;
				PRODUCT_BUNDLE_IDENTIFIER = com.mezrasystems.setGameTests;
				PRODUCT_NAME = "$(TARGET_NAME)";
				SDKROOT = auto;
				SUPPORTED_PLATFORMS = "iphoneos iphonesimulator macosx";
				SWIFT_EMIT_LOC_STRINGS = NO;
				SWIFT_VERSION = 5.0;
				TARGETED_DEVICE_FAMILY = "1,2";
				TEST_HOST = "$(BUILT_PRODUCTS_DIR)/setGame.app/$(BUNDLE_EXECUTABLE_FOLDER_PATH)/setGame";
			};
			name = Debug;
		};
		E0F59FFD2B8BBFD500D2AA8D /* Release */ = {
			isa = XCBuildConfiguration;
			buildSettings = {
				ALWAYS_EMBED_SWIFT_STANDARD_LIBRARIES = YES;
				BUNDLE_LOADER = "$(TEST_HOST)";
				CODE_SIGN_STYLE = Automatic;
				CURRENT_PROJECT_VERSION = 1;
				DEVELOPMENT_TEAM = VW53LBPCN5;
				GENERATE_INFOPLIST_FILE = YES;
				IPHONEOS_DEPLOYMENT_TARGET = 17.2;
				MACOSX_DEPLOYMENT_TARGET = 14.2;
				MARKETING_VERSION = 1.0;
				PRODUCT_BUNDLE_IDENTIFIER = com.mezrasystems.setGameTests;
				PRODUCT_NAME = "$(TARGET_NAME)";
				SDKROOT = auto;
				SUPPORTED_PLATFORMS = "iphoneos iphonesimulator macosx";
				SWIFT_EMIT_LOC_STRINGS = NO;
				SWIFT_VERSION = 5.0;
				TARGETED_DEVICE_FAMILY = "1,2";
				TEST_HOST = "$(BUILT_PRODUCTS_DIR)/setGame.app/$(BUNDLE_EXECUTABLE_FOLDER_PATH)/setGame";
			};
			name = Release;
		};
		E0F59FFF2B8BBFD500D2AA8D /* Debug */ = {
			isa = XCBuildConfiguration;
			buildSettings = {
				ALWAYS_EMBED_SWIFT_STANDARD_LIBRARIES = YES;
				CODE_SIGN_STYLE = Automatic;
				CURRENT_PROJECT_VERSION = 1;
				DEVELOPMENT_TEAM = VW53LBPCN5;
				GENERATE_INFOPLIST_FILE = YES;
				IPHONEOS_DEPLOYMENT_TARGET = 17.2;
				MACOSX_DEPLOYMENT_TARGET = 14.2;
				MARKETING_VERSION = 1.0;
				PRODUCT_BUNDLE_IDENTIFIER = com.mezrasystems.setGameUITests;
				PRODUCT_NAME = "$(TARGET_NAME)";
				SDKROOT = auto;
				SUPPORTED_PLATFORMS = "iphoneos iphonesimulator macosx";
				SWIFT_EMIT_LOC_STRINGS = NO;
				SWIFT_VERSION = 5.0;
				TARGETED_DEVICE_FAMILY = "1,2";
				TEST_TARGET_NAME = setGame;
			};
			name = Debug;
		};
		E0F5A0002B8BBFD500D2AA8D /* Release */ = {
			isa = XCBuildConfiguration;
			buildSettings = {
				ALWAYS_EMBED_SWIFT_STANDARD_LIBRARIES = YES;
				CODE_SIGN_STYLE = Automatic;
				CURRENT_PROJECT_VERSION = 1;
				DEVELOPMENT_TEAM = VW53LBPCN5;
				GENERATE_INFOPLIST_FILE = YES;
				IPHONEOS_DEPLOYMENT_TARGET = 17.2;
				MACOSX_DEPLOYMENT_TARGET = 14.2;
				MARKETING_VERSION = 1.0;
				PRODUCT_BUNDLE_IDENTIFIER = com.mezrasystems.setGameUITests;
				PRODUCT_NAME = "$(TARGET_NAME)";
				SDKROOT = auto;
				SUPPORTED_PLATFORMS = "iphoneos iphonesimulator macosx";
				SWIFT_EMIT_LOC_STRINGS = NO;
				SWIFT_VERSION = 5.0;
				TARGETED_DEVICE_FAMILY = "1,2";
				TEST_TARGET_NAME = setGame;
			};
			name = Release;
		};
/* End XCBuildConfiguration section */

/* Begin XCConfigurationList section */
		E0F59FCE2B8BBFD400D2AA8D /* Build configuration list for PBXProject "setGame" */ = {
			isa = XCConfigurationList;
			buildConfigurations = (
				E0F59FF62B8BBFD500D2AA8D /* Debug */,
				E0F59FF72B8BBFD500D2AA8D /* Release */,
			);
			defaultConfigurationIsVisible = 0;
			defaultConfigurationName = Release;
		};
		E0F59FF82B8BBFD500D2AA8D /* Build configuration list for PBXNativeTarget "setGame" */ = {
			isa = XCConfigurationList;
			buildConfigurations = (
				E0F59FF92B8BBFD500D2AA8D /* Debug */,
				E0F59FFA2B8BBFD500D2AA8D /* Release */,
			);
			defaultConfigurationIsVisible = 0;
			defaultConfigurationName = Release;
		};
		E0F59FFB2B8BBFD500D2AA8D /* Build configuration list for PBXNativeTarget "setGameTests" */ = {
			isa = XCConfigurationList;
			buildConfigurations = (
				E0F59FFC2B8BBFD500D2AA8D /* Debug */,
				E0F59FFD2B8BBFD500D2AA8D /* Release */,
			);
			defaultConfigurationIsVisible = 0;
			defaultConfigurationName = Release;
		};
		E0F59FFE2B8BBFD500D2AA8D /* Build configuration list for PBXNativeTarget "setGameUITests" */ = {
			isa = XCConfigurationList;
			buildConfigurations = (
				E0F59FFF2B8BBFD500D2AA8D /* Debug */,
				E0F5A0002B8BBFD500D2AA8D /* Release */,
			);
			defaultConfigurationIsVisible = 0;
			defaultConfigurationName = Release;
		};
/* End XCConfigurationList section */
	};
	rootObject = E0F59FCB2B8BBFD400D2AA8D /* Project object */;
}
